
Microsoft Visual Studio Solution File, Format Version 12.00
# Visual Studio 15
VisualStudioVersion = 15.0.27130.2026
MinimumVisualStudioVersion = 10.0.40219.1
Project("{FAE04EC0-301F-11D3-BF4B-00C04F79EFBC}") = "BasicPrismApp", "BasicPrismApp\BasicPrismApp\BasicPrismApp.csproj", "{BFD3759F-0546-47D5-B833-B6C53E5C657E}"
EndProject
Project("{FAE04EC0-301F-11D3-BF4B-00C04F79EFBC}") = "BasicPrismApp.Android", "BasicPrismApp\BasicPrismApp.Android\BasicPrismApp.Android.csproj", "{F9432F7A-A9AD-4DEF-9AAD-5774932D0D3D}"
EndProject
Project("{FAE04EC0-301F-11D3-BF4B-00C04F79EFBC}") = "BasicPrismApp.iOS", "BasicPrismApp\BasicPrismApp.iOS\BasicPrismApp.iOS.csproj", "{3B4E38BB-1F68-4D2F-AE98-294E3B10DFE4}"
EndProject
Global
	GlobalSection(SolutionConfigurationPlatforms) = preSolution
		Ad-Hoc|Any CPU = Ad-Hoc|Any CPU
		Ad-Hoc|iPhone = Ad-Hoc|iPhone
		Ad-Hoc|iPhoneSimulator = Ad-Hoc|iPhoneSimulator
		AppStore|Any CPU = AppStore|Any CPU
		AppStore|iPhone = AppStore|iPhone
		AppStore|iPhoneSimulator = AppStore|iPhoneSimulator
		Debug|Any CPU = Debug|Any CPU
		Debug|iPhone = Debug|iPhone
		Debug|iPhoneSimulator = Debug|iPhoneSimulator
		Release|Any CPU = Release|Any CPU
		Release|iPhone = Release|iPhone
		Release|iPhoneSimulator = Release|iPhoneSimulator
	EndGlobalSection
	GlobalSection(ProjectConfigurationPlatforms) = postSolution
		{BFD3759F-0546-47D5-B833-B6C53E5C657E}.Ad-Hoc|Any CPU.ActiveCfg = Debug|Any CPU
		{BFD3759F-0546-47D5-B833-B6C53E5C657E}.Ad-Hoc|Any CPU.Build.0 = Debug|Any CPU
		{BFD3759F-0546-47D5-B833-B6C53E5C657E}.Ad-Hoc|iPhone.ActiveCfg = Debug|Any CPU
		{BFD3759F-0546-47D5-B833-B6C53E5C657E}.Ad-Hoc|iPhone.Build.0 = Debug|Any CPU
		{BFD3759F-0546-47D5-B833-B6C53E5C657E}.Ad-Hoc|iPhoneSimulator.ActiveCfg = Debug|Any CPU
		{BFD3759F-0546-47D5-B833-B6C53E5C657E}.Ad-Hoc|iPhoneSimulator.Build.0 = Debug|Any CPU
		{BFD3759F-0546-47D5-B833-B6C53E5C657E}.AppStore|Any CPU.ActiveCfg = Debug|Any CPU
		{BFD3759F-0546-47D5-B833-B6C53E5C657E}.AppStore|Any CPU.Build.0 = Debug|Any CPU
		{BFD3759F-0546-47D5-B833-B6C53E5C657E}.AppStore|iPhone.ActiveCfg = Debug|Any CPU
		{BFD3759F-0546-47D5-B833-B6C53E5C657E}.AppStore|iPhone.Build.0 = Debug|Any CPU
		{BFD3759F-0546-47D5-B833-B6C53E5C657E}.AppStore|iPhoneSimulator.ActiveCfg = Debug|Any CPU
		{BFD3759F-0546-47D5-B833-B6C53E5C657E}.AppStore|iPhoneSimulator.Build.0 = Debug|Any CPU
		{BFD3759F-0546-47D5-B833-B6C53E5C657E}.Debug|Any CPU.ActiveCfg = Debug|Any CPU
		{BFD3759F-0546-47D5-B833-B6C53E5C657E}.Debug|Any CPU.Build.0 = Debug|Any CPU
		{BFD3759F-0546-47D5-B833-B6C53E5C657E}.Debug|iPhone.ActiveCfg = Debug|Any CPU
		{BFD3759F-0546-47D5-B833-B6C53E5C657E}.Debug|iPhone.Build.0 = Debug|Any CPU
		{BFD3759F-0546-47D5-B833-B6C53E5C657E}.Debug|iPhoneSimulator.ActiveCfg = Debug|Any CPU
		{BFD3759F-0546-47D5-B833-B6C53E5C657E}.Debug|iPhoneSimulator.Build.0 = Debug|Any CPU
		{BFD3759F-0546-47D5-B833-B6C53E5C657E}.Release|Any CPU.ActiveCfg = Release|Any CPU
		{BFD3759F-0546-47D5-B833-B6C53E5C657E}.Release|Any CPU.Build.0 = Release|Any CPU
		{BFD3759F-0546-47D5-B833-B6C53E5C657E}.Release|iPhone.ActiveCfg = Release|Any CPU
		{BFD3759F-0546-47D5-B833-B6C53E5C657E}.Release|iPhone.Build.0 = Release|Any CPU
		{BFD3759F-0546-47D5-B833-B6C53E5C657E}.Release|iPhoneSimulator.ActiveCfg = Release|Any CPU
		{BFD3759F-0546-47D5-B833-B6C53E5C657E}.Release|iPhoneSimulator.Build.0 = Release|Any CPU
		{F9432F7A-A9AD-4DEF-9AAD-5774932D0D3D}.Ad-Hoc|Any CPU.ActiveCfg = Release|Any CPU
		{F9432F7A-A9AD-4DEF-9AAD-5774932D0D3D}.Ad-Hoc|Any CPU.Build.0 = Release|Any CPU
		{F9432F7A-A9AD-4DEF-9AAD-5774932D0D3D}.Ad-Hoc|Any CPU.Deploy.0 = Release|Any CPU
		{F9432F7A-A9AD-4DEF-9AAD-5774932D0D3D}.Ad-Hoc|iPhone.ActiveCfg = Release|Any CPU
		{F9432F7A-A9AD-4DEF-9AAD-5774932D0D3D}.Ad-Hoc|iPhone.Build.0 = Release|Any CPU
		{F9432F7A-A9AD-4DEF-9AAD-5774932D0D3D}.Ad-Hoc|iPhone.Deploy.0 = Release|Any CPU
		{F9432F7A-A9AD-4DEF-9AAD-5774932D0D3D}.Ad-Hoc|iPhoneSimulator.ActiveCfg = Release|Any CPU
		{F9432F7A-A9AD-4DEF-9AAD-5774932D0D3D}.Ad-Hoc|iPhoneSimulator.Build.0 = Release|Any CPU
		{F9432F7A-A9AD-4DEF-9AAD-5774932D0D3D}.Ad-Hoc|iPhoneSimulator.Deploy.0 = Release|Any CPU
		{F9432F7A-A9AD-4DEF-9AAD-5774932D0D3D}.AppStore|Any CPU.ActiveCfg = Release|Any CPU
		{F9432F7A-A9AD-4DEF-9AAD-5774932D0D3D}.AppStore|Any CPU.Build.0 = Release|Any CPU
		{F9432F7A-A9AD-4DEF-9AAD-5774932D0D3D}.AppStore|Any CPU.Deploy.0 = Release|Any CPU
		{F9432F7A-A9AD-4DEF-9AAD-5774932D0D3D}.AppStore|iPhone.ActiveCfg = Release|Any CPU
		{F9432F7A-A9AD-4DEF-9AAD-5774932D0D3D}.AppStore|iPhone.Build.0 = Release|Any CPU
		{F9432F7A-A9AD-4DEF-9AAD-5774932D0D3D}.AppStore|iPhone.Deploy.0 = Release|Any CPU
		{F9432F7A-A9AD-4DEF-9AAD-5774932D0D3D}.AppStore|iPhoneSimulator.ActiveCfg = Release|Any CPU
		{F9432F7A-A9AD-4DEF-9AAD-5774932D0D3D}.AppStore|iPhoneSimulator.Build.0 = Release|Any CPU
		{F9432F7A-A9AD-4DEF-9AAD-5774932D0D3D}.AppStore|iPhoneSimulator.Deploy.0 = Release|Any CPU
		{F9432F7A-A9AD-4DEF-9AAD-5774932D0D3D}.Debug|Any CPU.ActiveCfg = Debug|Any CPU
		{F9432F7A-A9AD-4DEF-9AAD-5774932D0D3D}.Debug|Any CPU.Build.0 = Debug|Any CPU
		{F9432F7A-A9AD-4DEF-9AAD-5774932D0D3D}.Debug|Any CPU.Deploy.0 = Debug|Any CPU
		{F9432F7A-A9AD-4DEF-9AAD-5774932D0D3D}.Debug|iPhone.ActiveCfg = Debug|Any CPU
		{F9432F7A-A9AD-4DEF-9AAD-5774932D0D3D}.Debug|iPhone.Build.0 = Debug|Any CPU
		{F9432F7A-A9AD-4DEF-9AAD-5774932D0D3D}.Debug|iPhone.Deploy.0 = Debug|Any CPU
		{F9432F7A-A9AD-4DEF-9AAD-5774932D0D3D}.Debug|iPhoneSimulator.ActiveCfg = Debug|Any CPU
		{F9432F7A-A9AD-4DEF-9AAD-5774932D0D3D}.Debug|iPhoneSimulator.Build.0 = Debug|Any CPU
		{F9432F7A-A9AD-4DEF-9AAD-5774932D0D3D}.Debug|iPhoneSimulator.Deploy.0 = Debug|Any CPU
		{F9432F7A-A9AD-4DEF-9AAD-5774932D0D3D}.Release|Any CPU.ActiveCfg = Release|Any CPU
		{F9432F7A-A9AD-4DEF-9AAD-5774932D0D3D}.Release|Any CPU.Build.0 = Release|Any CPU
		{F9432F7A-A9AD-4DEF-9AAD-5774932D0D3D}.Release|Any CPU.Deploy.0 = Release|Any CPU
		{F9432F7A-A9AD-4DEF-9AAD-5774932D0D3D}.Release|iPhone.ActiveCfg = Release|Any CPU
		{F9432F7A-A9AD-4DEF-9AAD-5774932D0D3D}.Release|iPhone.Build.0 = Release|Any CPU
		{F9432F7A-A9AD-4DEF-9AAD-5774932D0D3D}.Release|iPhone.Deploy.0 = Release|Any CPU
		{F9432F7A-A9AD-4DEF-9AAD-5774932D0D3D}.Release|iPhoneSimulator.ActiveCfg = Release|Any CPU
		{F9432F7A-A9AD-4DEF-9AAD-5774932D0D3D}.Release|iPhoneSimulator.Build.0 = Release|Any CPU
		{F9432F7A-A9AD-4DEF-9AAD-5774932D0D3D}.Release|iPhoneSimulator.Deploy.0 = Release|Any CPU
		{3B4E38BB-1F68-4D2F-AE98-294E3B10DFE4}.Ad-Hoc|Any CPU.ActiveCfg = Ad-Hoc|iPhone
		{3B4E38BB-1F68-4D2F-AE98-294E3B10DFE4}.Ad-Hoc|iPhone.ActiveCfg = Ad-Hoc|iPhone
		{3B4E38BB-1F68-4D2F-AE98-294E3B10DFE4}.Ad-Hoc|iPhone.Build.0 = Ad-Hoc|iPhone
		{3B4E38BB-1F68-4D2F-AE98-294E3B10DFE4}.Ad-Hoc|iPhoneSimulator.ActiveCfg = Ad-Hoc|iPhoneSimulator
		{3B4E38BB-1F68-4D2F-AE98-294E3B10DFE4}.Ad-Hoc|iPhoneSimulator.Build.0 = Ad-Hoc|iPhoneSimulator
		{3B4E38BB-1F68-4D2F-AE98-294E3B10DFE4}.AppStore|Any CPU.ActiveCfg = AppStore|iPhone
		{3B4E38BB-1F68-4D2F-AE98-294E3B10DFE4}.AppStore|iPhone.ActiveCfg = AppStore|iPhone
		{3B4E38BB-1F68-4D2F-AE98-294E3B10DFE4}.AppStore|iPhone.Build.0 = AppStore|iPhone
		{3B4E38BB-1F68-4D2F-AE98-294E3B10DFE4}.AppStore|iPhoneSimulator.ActiveCfg = AppStore|iPhoneSimulator
		{3B4E38BB-1F68-4D2F-AE98-294E3B10DFE4}.AppStore|iPhoneSimulator.Build.0 = AppStore|iPhoneSimulator
		{3B4E38BB-1F68-4D2F-AE98-294E3B10DFE4}.Debug|Any CPU.ActiveCfg = Debug|iPhone
		{3B4E38BB-1F68-4D2F-AE98-294E3B10DFE4}.Debug|Any CPU.Build.0 = Debug|iPhone
		{3B4E38BB-1F68-4D2F-AE98-294E3B10DFE4}.Debug|iPhone.ActiveCfg = Debug|iPhone
		{3B4E38BB-1F68-4D2F-AE98-294E3B10DFE4}.Debug|iPhone.Build.0 = Debug|iPhone
		{3B4E38BB-1F68-4D2F-AE98-294E3B10DFE4}.Debug|iPhoneSimulator.ActiveCfg = Debug|iPhoneSimulator
		{3B4E38BB-1F68-4D2F-AE98-294E3B10DFE4}.Debug|iPhoneSimulator.Build.0 = Debug|iPhoneSimulator
		{3B4E38BB-1F68-4D2F-AE98-294E3B10DFE4}.Release|Any CPU.ActiveCfg = Release|iPhone
		{3B4E38BB-1F68-4D2F-AE98-294E3B10DFE4}.Release|iPhone.ActiveCfg = Release|iPhone
		{3B4E38BB-1F68-4D2F-AE98-294E3B10DFE4}.Release|iPhone.Build.0 = Release|iPhone
		{3B4E38BB-1F68-4D2F-AE98-294E3B10DFE4}.Release|iPhoneSimulator.ActiveCfg = Release|iPhoneSimulator
		{3B4E38BB-1F68-4D2F-AE98-294E3B10DFE4}.Release|iPhoneSimulator.Build.0 = Release|iPhoneSimulator
	EndGlobalSection
	GlobalSection(SolutionProperties) = preSolution
		HideSolutionNode = FALSE
	EndGlobalSection
	GlobalSection(ExtensibilityGlobals) = postSolution
		SolutionGuid = {93992629-20C6-406D-92C3-1F02BB118508}
	EndGlobalSection
EndGlobal
